// !$*UTF8*$!
{
	archiveVersion = 1;
	classes = {
	};
	objectVersion = 52;
	objects = {

/* Begin PBXBuildFile section */
		7295C15C23E1D6AC00837380 /* Webserver.swift in Sources */ = {isa = PBXBuildFile; fileRef = 7295C15B23E1D6AC00837380 /* Webserver.swift */; };
		72C7A9E523E049FF00041782 /* ViewController.swift in Sources */ = {isa = PBXBuildFile; fileRef = 72C7A9D723E049FF00041782 /* ViewController.swift */; };
		72C7A9E623E049FF00041782 /* JSONViewController.swift in Sources */ = {isa = PBXBuildFile; fileRef = 72C7A9D823E049FF00041782 /* JSONViewController.swift */; };
		72C7A9E723E049FF00041782 /* Icon.xcassets in Resources */ = {isa = PBXBuildFile; fileRef = 72C7A9D923E049FF00041782 /* Icon.xcassets */; };
		72C7A9E823E049FF00041782 /* Assets.xcassets in Resources */ = {isa = PBXBuildFile; fileRef = 72C7A9DA23E049FF00041782 /* Assets.xcassets */; };
		72C7A9E923E049FF00041782 /* ImageViewController.swift in Sources */ = {isa = PBXBuildFile; fileRef = 72C7A9DB23E049FF00041782 /* ImageViewController.swift */; };
		72C7A9EA23E049FF00041782 /* LaunchScreen.storyboard in Resources */ = {isa = PBXBuildFile; fileRef = 72C7A9DC23E049FF00041782 /* LaunchScreen.storyboard */; };
		72C7A9EB23E049FF00041782 /* Main.storyboard in Resources */ = {isa = PBXBuildFile; fileRef = 72C7A9DE23E049FF00041782 /* Main.storyboard */; };
		72C7A9EC23E049FF00041782 /* WebViewController.swift in Sources */ = {isa = PBXBuildFile; fileRef = 72C7A9E023E049FF00041782 /* WebViewController.swift */; };
		72C7A9ED23E049FF00041782 /* AppDelegate.swift in Sources */ = {isa = PBXBuildFile; fileRef = 72C7A9E123E049FF00041782 /* AppDelegate.swift */; };
		72C7A9EF23E049FF00041782 /* EventListViewController.swift in Sources */ = {isa = PBXBuildFile; fileRef = 72C7A9E323E049FF00041782 /* EventListViewController.swift */; };
		72C7A9F023E049FF00041782 /* SceneDelegate.swift in Sources */ = {isa = PBXBuildFile; fileRef = 72C7A9E423E049FF00041782 /* SceneDelegate.swift */; };
		72C7A9FA23E04D6300041782 /* iOSAgentExampleUITests.swift in Sources */ = {isa = PBXBuildFile; fileRef = 72C7A9F923E04D6300041782 /* iOSAgentExampleUITests.swift */; };
		72FCCD9B238D3F350001EC6A /* InstanaAgent in Frameworks */ = {isa = PBXBuildFile; productRef = 72FCCD9A238D3F350001EC6A /* InstanaAgent */; };
/* End PBXBuildFile section */

/* Begin PBXContainerItemProxy section */
		72C7A9FC23E04D6300041782 /* PBXContainerItemProxy */ = {
			isa = PBXContainerItemProxy;
			containerPortal = 728CF9D32387F01200BEE2F9 /* Project object */;
			proxyType = 1;
			remoteGlobalIDString = 728CF9DA2387F01200BEE2F9;
			remoteInfo = iOSAgentExample;
		};
/* End PBXContainerItemProxy section */

/* Begin PBXFileReference section */
		72109EBF23E178EC00441D87 /* iosAgent */ = {isa = PBXFileReference; lastKnownFileType = folder; name = iosAgent; path = ..; sourceTree = "<group>"; };
		728CF9DB2387F01200BEE2F9 /* iOSAgentExample.app */ = {isa = PBXFileReference; explicitFileType = wrapper.application; includeInIndex = 0; path = iOSAgentExample.app; sourceTree = BUILT_PRODUCTS_DIR; };
		7295C15B23E1D6AC00837380 /* Webserver.swift */ = {isa = PBXFileReference; fileEncoding = 4; lastKnownFileType = sourcecode.swift; name = Webserver.swift; path = ../../Tests/InstanaAgentTests/Utils_Tests/Networking/Webserver.swift; sourceTree = "<group>"; };
		72C7A9D723E049FF00041782 /* ViewController.swift */ = {isa = PBXFileReference; fileEncoding = 4; lastKnownFileType = sourcecode.swift; path = ViewController.swift; sourceTree = "<group>"; };
		72C7A9D823E049FF00041782 /* JSONViewController.swift */ = {isa = PBXFileReference; fileEncoding = 4; lastKnownFileType = sourcecode.swift; path = JSONViewController.swift; sourceTree = "<group>"; };
		72C7A9D923E049FF00041782 /* Icon.xcassets */ = {isa = PBXFileReference; lastKnownFileType = folder.assetcatalog; path = Icon.xcassets; sourceTree = "<group>"; };
		72C7A9DA23E049FF00041782 /* Assets.xcassets */ = {isa = PBXFileReference; lastKnownFileType = folder.assetcatalog; path = Assets.xcassets; sourceTree = "<group>"; };
		72C7A9DB23E049FF00041782 /* ImageViewController.swift */ = {isa = PBXFileReference; fileEncoding = 4; lastKnownFileType = sourcecode.swift; path = ImageViewController.swift; sourceTree = "<group>"; };
		72C7A9DD23E049FF00041782 /* Base */ = {isa = PBXFileReference; lastKnownFileType = file.storyboard; name = Base; path = Base.lproj/LaunchScreen.storyboard; sourceTree = "<group>"; };
		72C7A9DF23E049FF00041782 /* Base */ = {isa = PBXFileReference; lastKnownFileType = file.storyboard; name = Base; path = Base.lproj/Main.storyboard; sourceTree = "<group>"; };
		72C7A9E023E049FF00041782 /* WebViewController.swift */ = {isa = PBXFileReference; fileEncoding = 4; lastKnownFileType = sourcecode.swift; path = WebViewController.swift; sourceTree = "<group>"; };
		72C7A9E123E049FF00041782 /* AppDelegate.swift */ = {isa = PBXFileReference; fileEncoding = 4; lastKnownFileType = sourcecode.swift; path = AppDelegate.swift; sourceTree = "<group>"; };
		72C7A9E223E049FF00041782 /* Info.plist */ = {isa = PBXFileReference; fileEncoding = 4; lastKnownFileType = text.plist.xml; path = Info.plist; sourceTree = "<group>"; };
		72C7A9E323E049FF00041782 /* EventListViewController.swift */ = {isa = PBXFileReference; fileEncoding = 4; lastKnownFileType = sourcecode.swift; path = EventListViewController.swift; sourceTree = "<group>"; };
		72C7A9E423E049FF00041782 /* SceneDelegate.swift */ = {isa = PBXFileReference; fileEncoding = 4; lastKnownFileType = sourcecode.swift; path = SceneDelegate.swift; sourceTree = "<group>"; };
		72C7A9F723E04D6300041782 /* iOSAgentExampleUITests.xctest */ = {isa = PBXFileReference; explicitFileType = wrapper.cfbundle; includeInIndex = 0; path = iOSAgentExampleUITests.xctest; sourceTree = BUILT_PRODUCTS_DIR; };
		72C7A9F923E04D6300041782 /* iOSAgentExampleUITests.swift */ = {isa = PBXFileReference; lastKnownFileType = sourcecode.swift; path = iOSAgentExampleUITests.swift; sourceTree = "<group>"; };
		72C7A9FB23E04D6300041782 /* Info.plist */ = {isa = PBXFileReference; lastKnownFileType = text.plist.xml; path = Info.plist; sourceTree = "<group>"; };
/* End PBXFileReference section */

/* Begin PBXFrameworksBuildPhase section */
		728CF9D82387F01200BEE2F9 /* Frameworks */ = {
			isa = PBXFrameworksBuildPhase;
			buildActionMask = 2147483647;
			files = (
				72FCCD9B238D3F350001EC6A /* InstanaAgent in Frameworks */,
			);
			runOnlyForDeploymentPostprocessing = 0;
		};
		72C7A9F423E04D6300041782 /* Frameworks */ = {
			isa = PBXFrameworksBuildPhase;
			buildActionMask = 2147483647;
			files = (
			);
			runOnlyForDeploymentPostprocessing = 0;
		};
/* End PBXFrameworksBuildPhase section */

/* Begin PBXGroup section */
		728CF9D22387F01200BEE2F9 = {
			isa = PBXGroup;
			children = (
				72109EBF23E178EC00441D87 /* iosAgent */,
				72C7A9D623E049FF00041782 /* iOSAgentExample */,
				72C7A9F823E04D6300041782 /* iOSAgentExampleUITests */,
				728CF9DC2387F01200BEE2F9 /* Products */,
				728CFA132387F06D00BEE2F9 /* Frameworks */,
			);
			sourceTree = "<group>";
		};
		728CF9DC2387F01200BEE2F9 /* Products */ = {
			isa = PBXGroup;
			children = (
				728CF9DB2387F01200BEE2F9 /* iOSAgentExample.app */,
				72C7A9F723E04D6300041782 /* iOSAgentExampleUITests.xctest */,
			);
			name = Products;
			sourceTree = "<group>";
		};
		728CFA132387F06D00BEE2F9 /* Frameworks */ = {
			isa = PBXGroup;
			children = (
			);
			name = Frameworks;
			sourceTree = "<group>";
		};
		72C7A9D623E049FF00041782 /* iOSAgentExample */ = {
			isa = PBXGroup;
			children = (
				72C7A9D723E049FF00041782 /* ViewController.swift */,
				72C7A9D823E049FF00041782 /* JSONViewController.swift */,
				72C7A9D923E049FF00041782 /* Icon.xcassets */,
				72C7A9DA23E049FF00041782 /* Assets.xcassets */,
				72C7A9DB23E049FF00041782 /* ImageViewController.swift */,
				72C7A9DC23E049FF00041782 /* LaunchScreen.storyboard */,
				72C7A9DE23E049FF00041782 /* Main.storyboard */,
				72C7A9E023E049FF00041782 /* WebViewController.swift */,
				72C7A9E123E049FF00041782 /* AppDelegate.swift */,
				72C7A9E223E049FF00041782 /* Info.plist */,
				72C7A9E323E049FF00041782 /* EventListViewController.swift */,
				72C7A9E423E049FF00041782 /* SceneDelegate.swift */,
			);
			path = iOSAgentExample;
			sourceTree = "<group>";
		};
		72C7A9F823E04D6300041782 /* iOSAgentExampleUITests */ = {
			isa = PBXGroup;
			children = (
				7295C15B23E1D6AC00837380 /* Webserver.swift */,
				72C7A9F923E04D6300041782 /* iOSAgentExampleUITests.swift */,
				72C7A9FB23E04D6300041782 /* Info.plist */,
			);
			path = iOSAgentExampleUITests;
			sourceTree = "<group>";
		};
/* End PBXGroup section */

/* Begin PBXNativeTarget section */
		728CF9DA2387F01200BEE2F9 /* iOSAgentExample */ = {
			isa = PBXNativeTarget;
			buildConfigurationList = 728CF9FA2387F01300BEE2F9 /* Build configuration list for PBXNativeTarget "iOSAgentExample" */;
			buildPhases = (
				72C7A9F123E04B2000041782 /* Load environment variables */,
				728CF9D72387F01200BEE2F9 /* Sources */,
				728CF9D82387F01200BEE2F9 /* Frameworks */,
				728CF9D92387F01200BEE2F9 /* Resources */,
			);
			buildRules = (
			);
			dependencies = (
				72FCCD9D238D3F400001EC6A /* PBXTargetDependency */,
			);
			name = iOSAgentExample;
			packageProductDependencies = (
				72FCCD9A238D3F350001EC6A /* InstanaAgent */,
			);
			productName = iOSAgentExample;
			productReference = 728CF9DB2387F01200BEE2F9 /* iOSAgentExample.app */;
			productType = "com.apple.product-type.application";
		};
		72C7A9F623E04D6300041782 /* iOSAgentExampleUITests */ = {
			isa = PBXNativeTarget;
			buildConfigurationList = 72C7A9FE23E04D6300041782 /* Build configuration list for PBXNativeTarget "iOSAgentExampleUITests" */;
			buildPhases = (
				72C7A9F323E04D6300041782 /* Sources */,
				72C7A9F423E04D6300041782 /* Frameworks */,
				72C7A9F523E04D6300041782 /* Resources */,
			);
			buildRules = (
			);
			dependencies = (
				72C7A9FD23E04D6300041782 /* PBXTargetDependency */,
			);
			name = iOSAgentExampleUITests;
			productName = iOSAgentExampleUITests;
			productReference = 72C7A9F723E04D6300041782 /* iOSAgentExampleUITests.xctest */;
			productType = "com.apple.product-type.bundle.ui-testing";
		};
/* End PBXNativeTarget section */

/* Begin PBXProject section */
		728CF9D32387F01200BEE2F9 /* Project object */ = {
			isa = PBXProject;
			attributes = {
				LastSwiftUpdateCheck = 1130;
				LastUpgradeCheck = 1120;
				ORGANIZATIONNAME = "Instana Inc.";
				TargetAttributes = {
					728CF9DA2387F01200BEE2F9 = {
						CreatedOnToolsVersion = 11.2.1;
					};
					72C7A9F623E04D6300041782 = {
						CreatedOnToolsVersion = 11.3.1;
						TestTargetID = 728CF9DA2387F01200BEE2F9;
					};
				};
			};
			buildConfigurationList = 728CF9D62387F01200BEE2F9 /* Build configuration list for PBXProject "iOSAgentExample" */;
			compatibilityVersion = "Xcode 9.3";
			developmentRegion = en;
			hasScannedForEncodings = 0;
			knownRegions = (
				en,
				Base,
			);
			mainGroup = 728CF9D22387F01200BEE2F9;
			packageReferences = (
			);
			productRefGroup = 728CF9DC2387F01200BEE2F9 /* Products */;
			projectDirPath = "";
			projectRoot = "";
			targets = (
				728CF9DA2387F01200BEE2F9 /* iOSAgentExample */,
				72C7A9F623E04D6300041782 /* iOSAgentExampleUITests */,
			);
		};
/* End PBXProject section */

/* Begin PBXResourcesBuildPhase section */
		728CF9D92387F01200BEE2F9 /* Resources */ = {
			isa = PBXResourcesBuildPhase;
			buildActionMask = 2147483647;
			files = (
				72C7A9EA23E049FF00041782 /* LaunchScreen.storyboard in Resources */,
				72C7A9E823E049FF00041782 /* Assets.xcassets in Resources */,
				72C7A9E723E049FF00041782 /* Icon.xcassets in Resources */,
				72C7A9EB23E049FF00041782 /* Main.storyboard in Resources */,
			);
			runOnlyForDeploymentPostprocessing = 0;
		};
		72C7A9F523E04D6300041782 /* Resources */ = {
			isa = PBXResourcesBuildPhase;
			buildActionMask = 2147483647;
			files = (
			);
			runOnlyForDeploymentPostprocessing = 0;
		};
/* End PBXResourcesBuildPhase section */

/* Begin PBXShellScriptBuildPhase section */
		72C7A9F123E04B2000041782 /* Load environment variables */ = {
			isa = PBXShellScriptBuildPhase;
			buildActionMask = 2147483647;
			files = (
			);
			inputFileListPaths = (
			);
			inputPaths = (
			);
			name = "Load environment variables";
			outputFileListPaths = (
			);
			outputPaths = (
			);
			runOnlyForDeploymentPostprocessing = 0;
			shellPath = /bin/sh;
			shellScript = "if [ -f ../.env-vars ]\nthen\n    echo \"Import secure variables\"\n    source ../.env-vars\n    /usr/libexec/PlistBuddy -c \"Set :INSTANA_REPORTING_URL ${INSTANA_REPORTING_URL}\" ${INFOPLIST_FILE}\n    /usr/libexec/PlistBuddy -c \"Set :INSTANA_REPORTING_KEY ${INSTANA_REPORTING_KEY}\" ${INFOPLIST_FILE}\nfi\n";
		};
/* End PBXShellScriptBuildPhase section */

/* Begin PBXSourcesBuildPhase section */
		728CF9D72387F01200BEE2F9 /* Sources */ = {
			isa = PBXSourcesBuildPhase;
			buildActionMask = 2147483647;
			files = (
				72C7A9E623E049FF00041782 /* JSONViewController.swift in Sources */,
				72C7A9F023E049FF00041782 /* SceneDelegate.swift in Sources */,
				72C7A9EF23E049FF00041782 /* EventListViewController.swift in Sources */,
				72C7A9E923E049FF00041782 /* ImageViewController.swift in Sources */,
				72C7A9E523E049FF00041782 /* ViewController.swift in Sources */,
				72C7A9ED23E049FF00041782 /* AppDelegate.swift in Sources */,
				72C7A9EC23E049FF00041782 /* WebViewController.swift in Sources */,
			);
			runOnlyForDeploymentPostprocessing = 0;
		};
		72C7A9F323E04D6300041782 /* Sources */ = {
			isa = PBXSourcesBuildPhase;
			buildActionMask = 2147483647;
			files = (
				72C7A9FA23E04D6300041782 /* iOSAgentExampleUITests.swift in Sources */,
				7295C15C23E1D6AC00837380 /* Webserver.swift in Sources */,
			);
			runOnlyForDeploymentPostprocessing = 0;
		};
/* End PBXSourcesBuildPhase section */

/* Begin PBXTargetDependency section */
		72C7A9FD23E04D6300041782 /* PBXTargetDependency */ = {
			isa = PBXTargetDependency;
			target = 728CF9DA2387F01200BEE2F9 /* iOSAgentExample */;
			targetProxy = 72C7A9FC23E04D6300041782 /* PBXContainerItemProxy */;
		};
		72FCCD9D238D3F400001EC6A /* PBXTargetDependency */ = {
			isa = PBXTargetDependency;
			productRef = 72FCCD9C238D3F400001EC6A /* InstanaAgent */;
		};
/* End PBXTargetDependency section */

/* Begin PBXVariantGroup section */
		72C7A9DC23E049FF00041782 /* LaunchScreen.storyboard */ = {
			isa = PBXVariantGroup;
			children = (
				72C7A9DD23E049FF00041782 /* Base */,
			);
			name = LaunchScreen.storyboard;
			sourceTree = "<group>";
		};
		72C7A9DE23E049FF00041782 /* Main.storyboard */ = {
			isa = PBXVariantGroup;
			children = (
				72C7A9DF23E049FF00041782 /* Base */,
			);
			name = Main.storyboard;
			sourceTree = "<group>";
		};
/* End PBXVariantGroup section */

/* Begin XCBuildConfiguration section */
		728CF9F82387F01300BEE2F9 /* Debug */ = {
			isa = XCBuildConfiguration;
			buildSettings = {
				ALWAYS_SEARCH_USER_PATHS = NO;
				BUILD_LIBRARY_FOR_DISTRIBUTION = NO;
				CLANG_ANALYZER_NONNULL = YES;
				CLANG_ANALYZER_NUMBER_OBJECT_CONVERSION = YES_AGGRESSIVE;
				CLANG_CXX_LANGUAGE_STANDARD = "gnu++14";
				CLANG_CXX_LIBRARY = "libc++";
				CLANG_ENABLE_MODULES = YES;
				CLANG_ENABLE_OBJC_ARC = YES;
				CLANG_ENABLE_OBJC_WEAK = YES;
				CLANG_WARN_BLOCK_CAPTURE_AUTORELEASING = YES;
				CLANG_WARN_BOOL_CONVERSION = YES;
				CLANG_WARN_COMMA = YES;
				CLANG_WARN_CONSTANT_CONVERSION = YES;
				CLANG_WARN_DEPRECATED_OBJC_IMPLEMENTATIONS = YES;
				CLANG_WARN_DIRECT_OBJC_ISA_USAGE = YES_ERROR;
				CLANG_WARN_DOCUMENTATION_COMMENTS = YES;
				CLANG_WARN_EMPTY_BODY = YES;
				CLANG_WARN_ENUM_CONVERSION = YES;
				CLANG_WARN_INFINITE_RECURSION = YES;
				CLANG_WARN_INT_CONVERSION = YES;
				CLANG_WARN_NON_LITERAL_NULL_CONVERSION = YES;
				CLANG_WARN_OBJC_IMPLICIT_RETAIN_SELF = YES;
				CLANG_WARN_OBJC_LITERAL_CONVERSION = YES;
				CLANG_WARN_OBJC_ROOT_CLASS = YES_ERROR;
				CLANG_WARN_RANGE_LOOP_ANALYSIS = YES;
				CLANG_WARN_STRICT_PROTOTYPES = YES;
				CLANG_WARN_SUSPICIOUS_MOVE = YES;
				CLANG_WARN_UNGUARDED_AVAILABILITY = YES_AGGRESSIVE;
				CLANG_WARN_UNREACHABLE_CODE = YES;
				CLANG_WARN__DUPLICATE_METHOD_MATCH = YES;
				COPY_PHASE_STRIP = NO;
				DEBUG_INFORMATION_FORMAT = dwarf;
				ENABLE_STRICT_OBJC_MSGSEND = YES;
				ENABLE_TESTABILITY = YES;
				GCC_C_LANGUAGE_STANDARD = gnu11;
				GCC_DYNAMIC_NO_PIC = NO;
				GCC_NO_COMMON_BLOCKS = YES;
				GCC_OPTIMIZATION_LEVEL = 0;
				GCC_PREPROCESSOR_DEFINITIONS = (
					"DEBUG=1",
					"$(inherited)",
				);
				GCC_WARN_64_TO_32_BIT_CONVERSION = YES;
				GCC_WARN_ABOUT_RETURN_TYPE = YES_ERROR;
				GCC_WARN_UNDECLARED_SELECTOR = YES;
				GCC_WARN_UNINITIALIZED_AUTOS = YES_AGGRESSIVE;
				GCC_WARN_UNUSED_FUNCTION = YES;
				GCC_WARN_UNUSED_VARIABLE = YES;
				IPHONEOS_DEPLOYMENT_TARGET = 13.2;
				MTL_ENABLE_DEBUG_INFO = INCLUDE_SOURCE;
				MTL_FAST_MATH = YES;
				ONLY_ACTIVE_ARCH = YES;
				SDKROOT = iphoneos;
				SWIFT_ACTIVE_COMPILATION_CONDITIONS = DEBUG;
				SWIFT_OPTIMIZATION_LEVEL = "-Onone";
			};
			name = Debug;
		};
		728CF9F92387F01300BEE2F9 /* Release */ = {
			isa = XCBuildConfiguration;
			buildSettings = {
				ALWAYS_SEARCH_USER_PATHS = NO;
				BUILD_LIBRARY_FOR_DISTRIBUTION = NO;
				CLANG_ANALYZER_NONNULL = YES;
				CLANG_ANALYZER_NUMBER_OBJECT_CONVERSION = YES_AGGRESSIVE;
				CLANG_CXX_LANGUAGE_STANDARD = "gnu++14";
				CLANG_CXX_LIBRARY = "libc++";
				CLANG_ENABLE_MODULES = YES;
				CLANG_ENABLE_OBJC_ARC = YES;
				CLANG_ENABLE_OBJC_WEAK = YES;
				CLANG_WARN_BLOCK_CAPTURE_AUTORELEASING = YES;
				CLANG_WARN_BOOL_CONVERSION = YES;
				CLANG_WARN_COMMA = YES;
				CLANG_WARN_CONSTANT_CONVERSION = YES;
				CLANG_WARN_DEPRECATED_OBJC_IMPLEMENTATIONS = YES;
				CLANG_WARN_DIRECT_OBJC_ISA_USAGE = YES_ERROR;
				CLANG_WARN_DOCUMENTATION_COMMENTS = YES;
				CLANG_WARN_EMPTY_BODY = YES;
				CLANG_WARN_ENUM_CONVERSION = YES;
				CLANG_WARN_INFINITE_RECURSION = YES;
				CLANG_WARN_INT_CONVERSION = YES;
				CLANG_WARN_NON_LITERAL_NULL_CONVERSION = YES;
				CLANG_WARN_OBJC_IMPLICIT_RETAIN_SELF = YES;
				CLANG_WARN_OBJC_LITERAL_CONVERSION = YES;
				CLANG_WARN_OBJC_ROOT_CLASS = YES_ERROR;
				CLANG_WARN_RANGE_LOOP_ANALYSIS = YES;
				CLANG_WARN_STRICT_PROTOTYPES = YES;
				CLANG_WARN_SUSPICIOUS_MOVE = YES;
				CLANG_WARN_UNGUARDED_AVAILABILITY = YES_AGGRESSIVE;
				CLANG_WARN_UNREACHABLE_CODE = YES;
				CLANG_WARN__DUPLICATE_METHOD_MATCH = YES;
				COPY_PHASE_STRIP = NO;
				DEBUG_INFORMATION_FORMAT = "dwarf-with-dsym";
				ENABLE_NS_ASSERTIONS = NO;
				ENABLE_STRICT_OBJC_MSGSEND = YES;
				GCC_C_LANGUAGE_STANDARD = gnu11;
				GCC_NO_COMMON_BLOCKS = YES;
				GCC_WARN_64_TO_32_BIT_CONVERSION = YES;
				GCC_WARN_ABOUT_RETURN_TYPE = YES_ERROR;
				GCC_WARN_UNDECLARED_SELECTOR = YES;
				GCC_WARN_UNINITIALIZED_AUTOS = YES_AGGRESSIVE;
				GCC_WARN_UNUSED_FUNCTION = YES;
				GCC_WARN_UNUSED_VARIABLE = YES;
				IPHONEOS_DEPLOYMENT_TARGET = 13.2;
				MTL_ENABLE_DEBUG_INFO = NO;
				MTL_FAST_MATH = YES;
				SDKROOT = iphoneos;
				SWIFT_COMPILATION_MODE = wholemodule;
				SWIFT_OPTIMIZATION_LEVEL = "-O";
				VALIDATE_PRODUCT = YES;
			};
			name = Release;
		};
		728CF9FB2387F01300BEE2F9 /* Debug */ = {
			isa = XCBuildConfiguration;
			buildSettings = {
				ASSETCATALOG_COMPILER_APPICON_NAME = AppIcon;
				BUILD_LIBRARY_FOR_DISTRIBUTION = NO;
				CODE_SIGN_IDENTITY = "Apple Development";
				CODE_SIGN_STYLE = Automatic;
				CURRENT_PROJECT_VERSION = 1578416283;
				DEVELOPMENT_TEAM = D5PCJAP39R;
				ENABLE_BITCODE = NO;
				INFOPLIST_FILE = iOSAgentExample/Info.plist;
				LD_RUNPATH_SEARCH_PATHS = (
					"$(inherited)",
					"@executable_path/Frameworks",
				);
				PRODUCT_BUNDLE_IDENTIFIER = net.tapwork.instana.sdkexample;
				PRODUCT_NAME = "$(TARGET_NAME)";
				PROVISIONING_PROFILE_SPECIFIER = "";
				SWIFT_VERSION = 5.0;
				TARGETED_DEVICE_FAMILY = "1,2";
			};
			name = Debug;
		};
		728CF9FC2387F01300BEE2F9 /* Release */ = {
			isa = XCBuildConfiguration;
			buildSettings = {
				ASSETCATALOG_COMPILER_APPICON_NAME = AppIcon;
				BUILD_LIBRARY_FOR_DISTRIBUTION = NO;
				CODE_SIGN_IDENTITY = "iPhone Distribution";
				CODE_SIGN_STYLE = Manual;
				CURRENT_PROJECT_VERSION = 1578416283;
				DEVELOPMENT_TEAM = D5PCJAP39R;
				ENABLE_BITCODE = NO;
				INFOPLIST_FILE = iOSAgentExample/Info.plist;
				LD_RUNPATH_SEARCH_PATHS = (
					"$(inherited)",
					"@executable_path/Frameworks",
				);
				PRODUCT_BUNDLE_IDENTIFIER = net.tapwork.instana.sdkexample;
				PRODUCT_NAME = "$(TARGET_NAME)";
				PROVISIONING_PROFILE_SPECIFIER = "Instana Demo Project";
				SWIFT_VERSION = 5.0;
				TARGETED_DEVICE_FAMILY = "1,2";
			};
			name = Release;
		};
		72C7A9FF23E04D6300041782 /* Debug */ = {
			isa = XCBuildConfiguration;
			buildSettings = {
				BUILD_LIBRARY_FOR_DISTRIBUTION = NO;
				CODE_SIGN_STYLE = Automatic;
				DEVELOPMENT_TEAM = D5PCJAP39R;
				INFOPLIST_FILE = iOSAgentExampleUITests/Info.plist;
				LD_RUNPATH_SEARCH_PATHS = (
					"$(inherited)",
					"@executable_path/Frameworks",
					"@loader_path/Frameworks",
				);
				OTHER_SWIFT_FLAGS = "";
				PRODUCT_BUNDLE_IDENTIFIER = com.instana.iOSAgentExampleUITests;
				PRODUCT_NAME = "$(TARGET_NAME)";
				SWIFT_VERSION = 5.0;
				TARGETED_DEVICE_FAMILY = "1,2";
				TEST_TARGET_NAME = iOSAgentExample;
			};
			name = Debug;
		};
		72C7AA0023E04D6300041782 /* Release */ = {
			isa = XCBuildConfiguration;
			buildSettings = {
				BUILD_LIBRARY_FOR_DISTRIBUTION = NO;
				CODE_SIGN_STYLE = Automatic;
				DEVELOPMENT_TEAM = D5PCJAP39R;
				INFOPLIST_FILE = iOSAgentExampleUITests/Info.plist;
				LD_RUNPATH_SEARCH_PATHS = (
					"$(inherited)",
					"@executable_path/Frameworks",
					"@loader_path/Frameworks",
				);
				OTHER_SWIFT_FLAGS = "";
				PRODUCT_BUNDLE_IDENTIFIER = com.instana.iOSAgentExampleUITests;
				PRODUCT_NAME = "$(TARGET_NAME)";
				SWIFT_VERSION = 5.0;
				TARGETED_DEVICE_FAMILY = "1,2";
				TEST_TARGET_NAME = iOSAgentExample;
			};
			name = Release;
		};
/* End XCBuildConfiguration section */

/* Begin XCConfigurationList section */
		728CF9D62387F01200BEE2F9 /* Build configuration list for PBXProject "iOSAgentExample" */ = {
			isa = XCConfigurationList;
			buildConfigurations = (
				728CF9F82387F01300BEE2F9 /* Debug */,
				728CF9F92387F01300BEE2F9 /* Release */,
			);
			defaultConfigurationIsVisible = 0;
			defaultConfigurationName = Release;
		};
		728CF9FA2387F01300BEE2F9 /* Build configuration list for PBXNativeTarget "iOSAgentExample" */ = {
			isa = XCConfigurationList;
			buildConfigurations = (
				728CF9FB2387F01300BEE2F9 /* Debug */,
				728CF9FC2387F01300BEE2F9 /* Release */,
			);
			defaultConfigurationIsVisible = 0;
			defaultConfigurationName = Release;
		};
		72C7A9FE23E04D6300041782 /* Build configuration list for PBXNativeTarget "iOSAgentExampleUITests" */ = {
			isa = XCConfigurationList;
			buildConfigurations = (
				72C7A9FF23E04D6300041782 /* Debug */,
				72C7AA0023E04D6300041782 /* Release */,
			);
			defaultConfigurationIsVisible = 0;
			defaultConfigurationName = Release;
		};
/* End XCConfigurationList section */

/* Begin XCSwiftPackageProductDependency section */
		72FCCD9A238D3F350001EC6A /* InstanaAgent */ = {
			isa = XCSwiftPackageProductDependency;
			productName = InstanaAgent;
		};
		72FCCD9C238D3F400001EC6A /* InstanaAgent */ = {
			isa = XCSwiftPackageProductDependency;
			productName = InstanaAgent;
		};
/* End XCSwiftPackageProductDependency section */
	};
	rootObject = 728CF9D32387F01200BEE2F9 /* Project object */;
}
