PODS:
  - Instana (0.0.1):
    - KSCrash/Core
    - KSCrash/Reporting/Filters/AppleFmt
    - KSCrash/Reporting/Filters/JSON
    - KSCrash/Reporting/Filters/Tools
  - KSCrash/Core (1.15.18):
    - KSCrash/Reporting/Filters/Basic
  - KSCrash/Recording (1.15.18):
    - KSCrash/Recording/Tools (= 1.15.18)
  - KSCrash/Recording/Tools (1.15.18)
  - KSCrash/Reporting/Filters/AppleFmt (1.15.18):
    - KSCrash/Recording
    - KSCrash/Reporting/Filters/Base
  - KSCrash/Reporting/Filters/Base (1.15.18):
    - KSCrash/Recording
  - KSCrash/Reporting/Filters/Basic (1.15.18):
    - KSCrash/Recording
    - KSCrash/Reporting/Filters/Base
  - KSCrash/Reporting/Filters/JSON (1.15.18):
    - KSCrash/Recording
    - KSCrash/Reporting/Filters/Base
  - KSCrash/Reporting/Filters/Tools (1.15.18):
    - KSCrash/Recording

DEPENDENCIES:
  - Instana (from `../lib/`)
  - KSCrash/Core (from `../../KSCrash/`)

EXTERNAL SOURCES:
  Instana:
    :path: "../lib/"
  KSCrash:
    :path: "../../KSCrash/"

SPEC CHECKSUMS:
  Instana: 070fa5c7829b44a04dbb7b3a90d8dd481ebb5410
  KSCrash: 6d9c50e0f95bdfa5932cdb56a495cc3096bfba00

PODFILE CHECKSUM: 02953c147da35a9584c3153d26a01e8ea0c7625f

COCOAPODS: 1.5.3
