PODS:
  - KSCrash/Core (1.15.18):
    - KSCrash/Reporting/Filters/Basic
  - KSCrash/Recording (1.15.18):
    - KSCrash/Recording/Tools (= 1.15.18)
  - KSCrash/Recording/Tools (1.15.18)
  - KSCrash/Reporting/Filters/AppleFmt (1.15.18):
    - KSCrash/Recording
    - KSCrash/Reporting/Filters/Base
  - KSCrash/Reporting/Filters/Base (1.15.18):
    - KSCrash/Recording
  - KSCrash/Reporting/Filters/Basic (1.15.18):
    - KSCrash/Recording
    - KSCrash/Reporting/Filters/Base
  - KSCrash/Reporting/Filters/JSON (1.15.18):
    - KSCrash/Recording
    - KSCrash/Reporting/Filters/Base
  - KSCrash/Reporting/Filters/Tools (1.15.18):
    - KSCrash/Recording

DEPENDENCIES:
  - KSCrash/Core (from `../../KSCrash/`)
  - KSCrash/Reporting/Filters/AppleFmt (from `../../KSCrash/`)
  - KSCrash/Reporting/Filters/JSON (from `../../KSCrash/`)
  - KSCrash/Reporting/Filters/Tools (from `../../KSCrash/`)

EXTERNAL SOURCES:
  KSCrash:
    :path: "../../KSCrash/"

SPEC CHECKSUMS:
  KSCrash: 6d9c50e0f95bdfa5932cdb56a495cc3096bfba00

PODFILE CHECKSUM: 3faa127df7725f8dd94a0edd864370e1c99d4c77

COCOAPODS: 1.5.3
