PODS:
  - Instana (0.0.1):
    - KSCrash (~> 1.15.18)
  - KSCrash (1.15.18):
    - KSCrash/Installations (= 1.15.18)
  - KSCrash/Installations (1.15.18):
    - KSCrash/Recording
    - KSCrash/Reporting
  - KSCrash/Recording (1.15.18):
    - KSCrash/Recording/Tools (= 1.15.18)
  - KSCrash/Recording/Tools (1.15.18)
  - KSCrash/Reporting (1.15.18):
    - KSCrash/Recording
    - KSCrash/Reporting/Filters (= 1.15.18)
    - KSCrash/Reporting/MessageUI (= 1.15.18)
    - KSCrash/Reporting/Sinks (= 1.15.18)
    - KSCrash/Reporting/Tools (= 1.15.18)
  - KSCrash/Reporting/Filters (1.15.18):
    - KSCrash/Recording
    - KSCrash/Reporting/Filters/Alert (= 1.15.18)
    - KSCrash/Reporting/Filters/AppleFmt (= 1.15.18)
    - KSCrash/Reporting/Filters/Base (= 1.15.18)
    - KSCrash/Reporting/Filters/Basic (= 1.15.18)
    - KSCrash/Reporting/Filters/GZip (= 1.15.18)
    - KSCrash/Reporting/Filters/JSON (= 1.15.18)
    - KSCrash/Reporting/Filters/Sets (= 1.15.18)
    - KSCrash/Reporting/Filters/Stringify (= 1.15.18)
    - KSCrash/Reporting/Filters/Tools (= 1.15.18)
  - KSCrash/Reporting/Filters/Alert (1.15.18):
    - KSCrash/Recording
    - KSCrash/Reporting/Filters/Base
  - KSCrash/Reporting/Filters/AppleFmt (1.15.18):
    - KSCrash/Recording
    - KSCrash/Reporting/Filters/Base
  - KSCrash/Reporting/Filters/Base (1.15.18):
    - KSCrash/Recording
  - KSCrash/Reporting/Filters/Basic (1.15.18):
    - KSCrash/Recording
    - KSCrash/Reporting/Filters/Base
  - KSCrash/Reporting/Filters/GZip (1.15.18):
    - KSCrash/Recording
    - KSCrash/Reporting/Filters/Base
  - KSCrash/Reporting/Filters/JSON (1.15.18):
    - KSCrash/Recording
    - KSCrash/Reporting/Filters/Base
  - KSCrash/Reporting/Filters/Sets (1.15.18):
    - KSCrash/Recording
    - KSCrash/Reporting/Filters/AppleFmt
    - KSCrash/Reporting/Filters/Base
    - KSCrash/Reporting/Filters/Basic
    - KSCrash/Reporting/Filters/GZip
    - KSCrash/Reporting/Filters/JSON
    - KSCrash/Reporting/Filters/Stringify
  - KSCrash/Reporting/Filters/Stringify (1.15.18):
    - KSCrash/Recording
    - KSCrash/Reporting/Filters/Base
  - KSCrash/Reporting/Filters/Tools (1.15.18):
    - KSCrash/Recording
  - KSCrash/Reporting/MessageUI (1.15.18):
    - KSCrash/Recording
  - KSCrash/Reporting/Sinks (1.15.18):
    - KSCrash/Recording
    - KSCrash/Reporting/Filters
    - KSCrash/Reporting/Tools
  - KSCrash/Reporting/Tools (1.15.18):
    - KSCrash/Recording

DEPENDENCIES:
  - Instana (from `../lib/`)

SPEC REPOS:
  https://github.com/cocoapods/specs.git:
    - KSCrash

EXTERNAL SOURCES:
  Instana:
    :path: "../lib/"

SPEC CHECKSUMS:
  Instana: f3078f38b0589a5904bd6f33d34674e5107dea7d
  KSCrash: 5394936f41e5c1ef7b79cf79b30d53299b0c160e

PODFILE CHECKSUM: 77aaac82bd72b32e71d4321150d09ed153370857

COCOAPODS: 1.5.3
