// !$*UTF8*$!
{
	archiveVersion = 1;
	classes = {
	};
	objectVersion = 50;
	objects = {

/* Begin PBXBuildFile section */
		31A2B2AAC882DC0E541C396C /* Pods_DemoObjC.framework in Frameworks */ = {isa = PBXBuildFile; fileRef = F041F92432AFD600864CA69D /* Pods_DemoObjC.framework */; };
		6C37CDFE21BEB6F1007D90E9 /* AppDelegate.m in Sources */ = {isa = PBXBuildFile; fileRef = 6C37CDFD21BEB6F1007D90E9 /* AppDelegate.m */; };
		6C37CE0121BEB6F1007D90E9 /* ViewController.m in Sources */ = {isa = PBXBuildFile; fileRef = 6C37CE0021BEB6F1007D90E9 /* ViewController.m */; };
		6C37CE0421BEB6F1007D90E9 /* Main.storyboard in Resources */ = {isa = PBXBuildFile; fileRef = 6C37CE0221BEB6F1007D90E9 /* Main.storyboard */; };
		6C37CE0621BEB6F2007D90E9 /* Assets.xcassets in Resources */ = {isa = PBXBuildFile; fileRef = 6C37CE0521BEB6F2007D90E9 /* Assets.xcassets */; };
		6C37CE0921BEB6F2007D90E9 /* LaunchScreen.storyboard in Resources */ = {isa = PBXBuildFile; fileRef = 6C37CE0721BEB6F2007D90E9 /* LaunchScreen.storyboard */; };
		6C37CE0C21BEB6F2007D90E9 /* main.m in Sources */ = {isa = PBXBuildFile; fileRef = 6C37CE0B21BEB6F2007D90E9 /* main.m */; };
		6C417FC921E773FD00504B4F /* InstanaConfiguration.plist in Resources */ = {isa = PBXBuildFile; fileRef = 6C417FC821E773FD00504B4F /* InstanaConfiguration.plist */; };
/* End PBXBuildFile section */

/* Begin PBXFileReference section */
		35B0F9CFC498C57F3321E9FC /* Pods-DemoObjC.release.xcconfig */ = {isa = PBXFileReference; includeInIndex = 1; lastKnownFileType = text.xcconfig; name = "Pods-DemoObjC.release.xcconfig"; path = "Pods/Target Support Files/Pods-DemoObjC/Pods-DemoObjC.release.xcconfig"; sourceTree = "<group>"; };
		5BA8D3FAC849CF8A8B8CA60E /* Pods-DemoObjC.debug.xcconfig */ = {isa = PBXFileReference; includeInIndex = 1; lastKnownFileType = text.xcconfig; name = "Pods-DemoObjC.debug.xcconfig"; path = "Pods/Target Support Files/Pods-DemoObjC/Pods-DemoObjC.debug.xcconfig"; sourceTree = "<group>"; };
		6C37CDF921BEB6F1007D90E9 /* DemoObjC.app */ = {isa = PBXFileReference; explicitFileType = wrapper.application; includeInIndex = 0; path = DemoObjC.app; sourceTree = BUILT_PRODUCTS_DIR; };
		6C37CDFC21BEB6F1007D90E9 /* AppDelegate.h */ = {isa = PBXFileReference; lastKnownFileType = sourcecode.c.h; path = AppDelegate.h; sourceTree = "<group>"; };
		6C37CDFD21BEB6F1007D90E9 /* AppDelegate.m */ = {isa = PBXFileReference; lastKnownFileType = sourcecode.c.objc; path = AppDelegate.m; sourceTree = "<group>"; };
		6C37CDFF21BEB6F1007D90E9 /* ViewController.h */ = {isa = PBXFileReference; lastKnownFileType = sourcecode.c.h; path = ViewController.h; sourceTree = "<group>"; };
		6C37CE0021BEB6F1007D90E9 /* ViewController.m */ = {isa = PBXFileReference; lastKnownFileType = sourcecode.c.objc; path = ViewController.m; sourceTree = "<group>"; };
		6C37CE0321BEB6F1007D90E9 /* Base */ = {isa = PBXFileReference; lastKnownFileType = file.storyboard; name = Base; path = Base.lproj/Main.storyboard; sourceTree = "<group>"; };
		6C37CE0521BEB6F2007D90E9 /* Assets.xcassets */ = {isa = PBXFileReference; lastKnownFileType = folder.assetcatalog; path = Assets.xcassets; sourceTree = "<group>"; };
		6C37CE0821BEB6F2007D90E9 /* Base */ = {isa = PBXFileReference; lastKnownFileType = file.storyboard; name = Base; path = Base.lproj/LaunchScreen.storyboard; sourceTree = "<group>"; };
		6C37CE0A21BEB6F2007D90E9 /* Info.plist */ = {isa = PBXFileReference; lastKnownFileType = text.plist.xml; path = Info.plist; sourceTree = "<group>"; };
		6C37CE0B21BEB6F2007D90E9 /* main.m */ = {isa = PBXFileReference; lastKnownFileType = sourcecode.c.objc; path = main.m; sourceTree = "<group>"; };
		6C417FC821E773FD00504B4F /* InstanaConfiguration.plist */ = {isa = PBXFileReference; lastKnownFileType = text.plist.xml; path = InstanaConfiguration.plist; sourceTree = "<group>"; };
		F041F92432AFD600864CA69D /* Pods_DemoObjC.framework */ = {isa = PBXFileReference; explicitFileType = wrapper.framework; includeInIndex = 0; path = Pods_DemoObjC.framework; sourceTree = BUILT_PRODUCTS_DIR; };
/* End PBXFileReference section */

/* Begin PBXFrameworksBuildPhase section */
		6C37CDF621BEB6F1007D90E9 /* Frameworks */ = {
			isa = PBXFrameworksBuildPhase;
			buildActionMask = 2147483647;
			files = (
				31A2B2AAC882DC0E541C396C /* Pods_DemoObjC.framework in Frameworks */,
			);
			runOnlyForDeploymentPostprocessing = 0;
		};
/* End PBXFrameworksBuildPhase section */

/* Begin PBXGroup section */
		125D68918B50C170A4974CFC /* Pods */ = {
			isa = PBXGroup;
			children = (
				5BA8D3FAC849CF8A8B8CA60E /* Pods-DemoObjC.debug.xcconfig */,
				35B0F9CFC498C57F3321E9FC /* Pods-DemoObjC.release.xcconfig */,
			);
			name = Pods;
			sourceTree = "<group>";
		};
		6C37CDF021BEB6F1007D90E9 = {
			isa = PBXGroup;
			children = (
				6C37CDFB21BEB6F1007D90E9 /* DemoObjC */,
				6C37CDFA21BEB6F1007D90E9 /* Products */,
				125D68918B50C170A4974CFC /* Pods */,
				88523B78737BDC70AD1AB627 /* Frameworks */,
			);
			sourceTree = "<group>";
		};
		6C37CDFA21BEB6F1007D90E9 /* Products */ = {
			isa = PBXGroup;
			children = (
				6C37CDF921BEB6F1007D90E9 /* DemoObjC.app */,
			);
			name = Products;
			sourceTree = "<group>";
		};
		6C37CDFB21BEB6F1007D90E9 /* DemoObjC */ = {
			isa = PBXGroup;
			children = (
				6C37CDFC21BEB6F1007D90E9 /* AppDelegate.h */,
				6C37CDFD21BEB6F1007D90E9 /* AppDelegate.m */,
				6C37CDFF21BEB6F1007D90E9 /* ViewController.h */,
				6C37CE0021BEB6F1007D90E9 /* ViewController.m */,
				6C417FC821E773FD00504B4F /* InstanaConfiguration.plist */,
				6C37CE7221D389D1007D90E9 /* Supporting files */,
			);
			path = DemoObjC;
			sourceTree = "<group>";
		};
		6C37CE7221D389D1007D90E9 /* Supporting files */ = {
			isa = PBXGroup;
			children = (
				6C37CE0221BEB6F1007D90E9 /* Main.storyboard */,
				6C37CE0521BEB6F2007D90E9 /* Assets.xcassets */,
				6C37CE0721BEB6F2007D90E9 /* LaunchScreen.storyboard */,
				6C37CE0A21BEB6F2007D90E9 /* Info.plist */,
				6C37CE0B21BEB6F2007D90E9 /* main.m */,
			);
			path = "Supporting files";
			sourceTree = "<group>";
		};
		88523B78737BDC70AD1AB627 /* Frameworks */ = {
			isa = PBXGroup;
			children = (
				F041F92432AFD600864CA69D /* Pods_DemoObjC.framework */,
			);
			name = Frameworks;
			sourceTree = "<group>";
		};
/* End PBXGroup section */

/* Begin PBXNativeTarget section */
		6C37CDF821BEB6F1007D90E9 /* DemoObjC */ = {
			isa = PBXNativeTarget;
			buildConfigurationList = 6C37CE0F21BEB6F2007D90E9 /* Build configuration list for PBXNativeTarget "DemoObjC" */;
			buildPhases = (
				054CA19EBB03C4A9F607AD7F /* [CP] Check Pods Manifest.lock */,
				6C37CDF521BEB6F1007D90E9 /* Sources */,
				6C37CDF621BEB6F1007D90E9 /* Frameworks */,
				6C37CDF721BEB6F1007D90E9 /* Resources */,
				00A21273B5AC4F44ABC4630A /* [CP] Embed Pods Frameworks */,
			);
			buildRules = (
			);
			dependencies = (
			);
			name = DemoObjC;
			productName = DemoObjC;
			productReference = 6C37CDF921BEB6F1007D90E9 /* DemoObjC.app */;
			productType = "com.apple.product-type.application";
		};
/* End PBXNativeTarget section */

/* Begin PBXProject section */
		6C37CDF121BEB6F1007D90E9 /* Project object */ = {
			isa = PBXProject;
			attributes = {
				LastUpgradeCheck = 1010;
				ORGANIZATIONNAME = "Nikola Lajic";
				TargetAttributes = {
					6C37CDF821BEB6F1007D90E9 = {
						CreatedOnToolsVersion = 10.1;
					};
				};
			};
			buildConfigurationList = 6C37CDF421BEB6F1007D90E9 /* Build configuration list for PBXProject "DemoObjC" */;
			compatibilityVersion = "Xcode 9.3";
			developmentRegion = en;
			hasScannedForEncodings = 0;
			knownRegions = (
				en,
				Base,
			);
			mainGroup = 6C37CDF021BEB6F1007D90E9;
			productRefGroup = 6C37CDFA21BEB6F1007D90E9 /* Products */;
			projectDirPath = "";
			projectRoot = "";
			targets = (
				6C37CDF821BEB6F1007D90E9 /* DemoObjC */,
			);
		};
/* End PBXProject section */

/* Begin PBXResourcesBuildPhase section */
		6C37CDF721BEB6F1007D90E9 /* Resources */ = {
			isa = PBXResourcesBuildPhase;
			buildActionMask = 2147483647;
			files = (
				6C37CE0921BEB6F2007D90E9 /* LaunchScreen.storyboard in Resources */,
				6C417FC921E773FD00504B4F /* InstanaConfiguration.plist in Resources */,
				6C37CE0621BEB6F2007D90E9 /* Assets.xcassets in Resources */,
				6C37CE0421BEB6F1007D90E9 /* Main.storyboard in Resources */,
			);
			runOnlyForDeploymentPostprocessing = 0;
		};
/* End PBXResourcesBuildPhase section */

/* Begin PBXShellScriptBuildPhase section */
		00A21273B5AC4F44ABC4630A /* [CP] Embed Pods Frameworks */ = {
			isa = PBXShellScriptBuildPhase;
			buildActionMask = 2147483647;
			files = (
			);
			inputPaths = (
				"${SRCROOT}/Pods/Target Support Files/Pods-DemoObjC/Pods-DemoObjC-frameworks.sh",
				"${BUILT_PRODUCTS_DIR}/Instana/Instana.framework",
				"${BUILT_PRODUCTS_DIR}/KSCrash/KSCrash.framework",
			);
			name = "[CP] Embed Pods Frameworks";
			outputPaths = (
				"${TARGET_BUILD_DIR}/${FRAMEWORKS_FOLDER_PATH}/Instana.framework",
				"${TARGET_BUILD_DIR}/${FRAMEWORKS_FOLDER_PATH}/KSCrash.framework",
			);
			runOnlyForDeploymentPostprocessing = 0;
			shellPath = /bin/sh;
			shellScript = "\"${SRCROOT}/Pods/Target Support Files/Pods-DemoObjC/Pods-DemoObjC-frameworks.sh\"\n";
			showEnvVarsInLog = 0;
		};
		054CA19EBB03C4A9F607AD7F /* [CP] Check Pods Manifest.lock */ = {
			isa = PBXShellScriptBuildPhase;
			buildActionMask = 2147483647;
			files = (
			);
			inputPaths = (
				"${PODS_PODFILE_DIR_PATH}/Podfile.lock",
				"${PODS_ROOT}/Manifest.lock",
			);
			name = "[CP] Check Pods Manifest.lock";
			outputPaths = (
				"$(DERIVED_FILE_DIR)/Pods-DemoObjC-checkManifestLockResult.txt",
			);
			runOnlyForDeploymentPostprocessing = 0;
			shellPath = /bin/sh;
			shellScript = "diff \"${PODS_PODFILE_DIR_PATH}/Podfile.lock\" \"${PODS_ROOT}/Manifest.lock\" > /dev/null\nif [ $? != 0 ] ; then\n    # print error to STDERR\n    echo \"error: The sandbox is not in sync with the Podfile.lock. Run 'pod install' or update your CocoaPods installation.\" >&2\n    exit 1\nfi\n# This output is used by Xcode 'outputs' to avoid re-running this script phase.\necho \"SUCCESS\" > \"${SCRIPT_OUTPUT_FILE_0}\"\n";
			showEnvVarsInLog = 0;
		};
/* End PBXShellScriptBuildPhase section */

/* Begin PBXSourcesBuildPhase section */
		6C37CDF521BEB6F1007D90E9 /* Sources */ = {
			isa = PBXSourcesBuildPhase;
			buildActionMask = 2147483647;
			files = (
				6C37CE0121BEB6F1007D90E9 /* ViewController.m in Sources */,
				6C37CE0C21BEB6F2007D90E9 /* main.m in Sources */,
				6C37CDFE21BEB6F1007D90E9 /* AppDelegate.m in Sources */,
			);
			runOnlyForDeploymentPostprocessing = 0;
		};
/* End PBXSourcesBuildPhase section */

/* Begin PBXVariantGroup section */
		6C37CE0221BEB6F1007D90E9 /* Main.storyboard */ = {
			isa = PBXVariantGroup;
			children = (
				6C37CE0321BEB6F1007D90E9 /* Base */,
			);
			name = Main.storyboard;
			sourceTree = "<group>";
		};
		6C37CE0721BEB6F2007D90E9 /* LaunchScreen.storyboard */ = {
			isa = PBXVariantGroup;
			children = (
				6C37CE0821BEB6F2007D90E9 /* Base */,
			);
			name = LaunchScreen.storyboard;
			sourceTree = "<group>";
		};
/* End PBXVariantGroup section */

/* Begin XCBuildConfiguration section */
		6C37CE0D21BEB6F2007D90E9 /* Debug */ = {
			isa = XCBuildConfiguration;
			buildSettings = {
				ALWAYS_SEARCH_USER_PATHS = NO;
				CLANG_ANALYZER_NONNULL = YES;
				CLANG_ANALYZER_NUMBER_OBJECT_CONVERSION = YES_AGGRESSIVE;
				CLANG_CXX_LANGUAGE_STANDARD = "gnu++14";
				CLANG_CXX_LIBRARY = "libc++";
				CLANG_ENABLE_MODULES = YES;
				CLANG_ENABLE_OBJC_ARC = YES;
				CLANG_ENABLE_OBJC_WEAK = YES;
				CLANG_WARN_BLOCK_CAPTURE_AUTORELEASING = YES;
				CLANG_WARN_BOOL_CONVERSION = YES;
				CLANG_WARN_COMMA = YES;
				CLANG_WARN_CONSTANT_CONVERSION = YES;
				CLANG_WARN_DEPRECATED_OBJC_IMPLEMENTATIONS = YES;
				CLANG_WARN_DIRECT_OBJC_ISA_USAGE = YES_ERROR;
				CLANG_WARN_DOCUMENTATION_COMMENTS = YES;
				CLANG_WARN_EMPTY_BODY = YES;
				CLANG_WARN_ENUM_CONVERSION = YES;
				CLANG_WARN_INFINITE_RECURSION = YES;
				CLANG_WARN_INT_CONVERSION = YES;
				CLANG_WARN_NON_LITERAL_NULL_CONVERSION = YES;
				CLANG_WARN_OBJC_IMPLICIT_RETAIN_SELF = YES;
				CLANG_WARN_OBJC_LITERAL_CONVERSION = YES;
				CLANG_WARN_OBJC_ROOT_CLASS = YES_ERROR;
				CLANG_WARN_RANGE_LOOP_ANALYSIS = YES;
				CLANG_WARN_STRICT_PROTOTYPES = YES;
				CLANG_WARN_SUSPICIOUS_MOVE = YES;
				CLANG_WARN_UNGUARDED_AVAILABILITY = YES_AGGRESSIVE;
				CLANG_WARN_UNREACHABLE_CODE = YES;
				CLANG_WARN__DUPLICATE_METHOD_MATCH = YES;
				CODE_SIGN_IDENTITY = "iPhone Developer";
				COPY_PHASE_STRIP = NO;
				DEBUG_INFORMATION_FORMAT = "dwarf-with-dsym";
				ENABLE_STRICT_OBJC_MSGSEND = YES;
				ENABLE_TESTABILITY = YES;
				GCC_C_LANGUAGE_STANDARD = gnu11;
				GCC_DYNAMIC_NO_PIC = NO;
				GCC_NO_COMMON_BLOCKS = YES;
				GCC_OPTIMIZATION_LEVEL = 0;
				GCC_PREPROCESSOR_DEFINITIONS = (
					"DEBUG=1",
					"$(inherited)",
				);
				GCC_WARN_64_TO_32_BIT_CONVERSION = YES;
				GCC_WARN_ABOUT_RETURN_TYPE = YES_ERROR;
				GCC_WARN_UNDECLARED_SELECTOR = YES;
				GCC_WARN_UNINITIALIZED_AUTOS = YES_AGGRESSIVE;
				GCC_WARN_UNUSED_FUNCTION = YES;
				GCC_WARN_UNUSED_VARIABLE = YES;
				IPHONEOS_DEPLOYMENT_TARGET = 12.1;
				MTL_ENABLE_DEBUG_INFO = INCLUDE_SOURCE;
				MTL_FAST_MATH = YES;
				ONLY_ACTIVE_ARCH = YES;
				SDKROOT = iphoneos;
			};
			name = Debug;
		};
		6C37CE0E21BEB6F2007D90E9 /* Release */ = {
			isa = XCBuildConfiguration;
			buildSettings = {
				ALWAYS_SEARCH_USER_PATHS = NO;
				CLANG_ANALYZER_NONNULL = YES;
				CLANG_ANALYZER_NUMBER_OBJECT_CONVERSION = YES_AGGRESSIVE;
				CLANG_CXX_LANGUAGE_STANDARD = "gnu++14";
				CLANG_CXX_LIBRARY = "libc++";
				CLANG_ENABLE_MODULES = YES;
				CLANG_ENABLE_OBJC_ARC = YES;
				CLANG_ENABLE_OBJC_WEAK = YES;
				CLANG_WARN_BLOCK_CAPTURE_AUTORELEASING = YES;
				CLANG_WARN_BOOL_CONVERSION = YES;
				CLANG_WARN_COMMA = YES;
				CLANG_WARN_CONSTANT_CONVERSION = YES;
				CLANG_WARN_DEPRECATED_OBJC_IMPLEMENTATIONS = YES;
				CLANG_WARN_DIRECT_OBJC_ISA_USAGE = YES_ERROR;
				CLANG_WARN_DOCUMENTATION_COMMENTS = YES;
				CLANG_WARN_EMPTY_BODY = YES;
				CLANG_WARN_ENUM_CONVERSION = YES;
				CLANG_WARN_INFINITE_RECURSION = YES;
				CLANG_WARN_INT_CONVERSION = YES;
				CLANG_WARN_NON_LITERAL_NULL_CONVERSION = YES;
				CLANG_WARN_OBJC_IMPLICIT_RETAIN_SELF = YES;
				CLANG_WARN_OBJC_LITERAL_CONVERSION = YES;
				CLANG_WARN_OBJC_ROOT_CLASS = YES_ERROR;
				CLANG_WARN_RANGE_LOOP_ANALYSIS = YES;
				CLANG_WARN_STRICT_PROTOTYPES = YES;
				CLANG_WARN_SUSPICIOUS_MOVE = YES;
				CLANG_WARN_UNGUARDED_AVAILABILITY = YES_AGGRESSIVE;
				CLANG_WARN_UNREACHABLE_CODE = YES;
				CLANG_WARN__DUPLICATE_METHOD_MATCH = YES;
				CODE_SIGN_IDENTITY = "iPhone Developer";
				COPY_PHASE_STRIP = NO;
				DEBUG_INFORMATION_FORMAT = "dwarf-with-dsym";
				ENABLE_NS_ASSERTIONS = NO;
				ENABLE_STRICT_OBJC_MSGSEND = YES;
				GCC_C_LANGUAGE_STANDARD = gnu11;
				GCC_NO_COMMON_BLOCKS = YES;
				GCC_WARN_64_TO_32_BIT_CONVERSION = YES;
				GCC_WARN_ABOUT_RETURN_TYPE = YES_ERROR;
				GCC_WARN_UNDECLARED_SELECTOR = YES;
				GCC_WARN_UNINITIALIZED_AUTOS = YES_AGGRESSIVE;
				GCC_WARN_UNUSED_FUNCTION = YES;
				GCC_WARN_UNUSED_VARIABLE = YES;
				IPHONEOS_DEPLOYMENT_TARGET = 12.1;
				MTL_ENABLE_DEBUG_INFO = NO;
				MTL_FAST_MATH = YES;
				SDKROOT = iphoneos;
				VALIDATE_PRODUCT = YES;
			};
			name = Release;
		};
		6C37CE1021BEB6F2007D90E9 /* Debug */ = {
			isa = XCBuildConfiguration;
			baseConfigurationReference = 5BA8D3FAC849CF8A8B8CA60E /* Pods-DemoObjC.debug.xcconfig */;
			buildSettings = {
				ASSETCATALOG_COMPILER_APPICON_NAME = AppIcon;
				CODE_SIGN_STYLE = Automatic;
				COPY_PHASE_STRIP = YES;
				DEPLOYMENT_POSTPROCESSING = YES;
				DEVELOPMENT_TEAM = WF5L7UK565;
				ENABLE_BITCODE = NO;
				INFOPLIST_FILE = "$(SRCROOT)/DemoObjC/Supporting files/Info.plist";
				LD_RUNPATH_SEARCH_PATHS = (
					"$(inherited)",
					"@executable_path/Frameworks",
				);
				PRODUCT_BUNDLE_IDENTIFIER = com.instana.mobile.DemoObjC;
				PRODUCT_NAME = "$(TARGET_NAME)";
				TARGETED_DEVICE_FAMILY = "1,2";
			};
			name = Debug;
		};
		6C37CE1121BEB6F2007D90E9 /* Release */ = {
			isa = XCBuildConfiguration;
			baseConfigurationReference = 35B0F9CFC498C57F3321E9FC /* Pods-DemoObjC.release.xcconfig */;
			buildSettings = {
				ASSETCATALOG_COMPILER_APPICON_NAME = AppIcon;
				CODE_SIGN_STYLE = Automatic;
				COPY_PHASE_STRIP = YES;
				DEPLOYMENT_POSTPROCESSING = YES;
				DEVELOPMENT_TEAM = WF5L7UK565;
				ENABLE_BITCODE = NO;
				INFOPLIST_FILE = "$(SRCROOT)/DemoObjC/Supporting files/Info.plist";
				LD_RUNPATH_SEARCH_PATHS = (
					"$(inherited)",
					"@executable_path/Frameworks",
				);
				PRODUCT_BUNDLE_IDENTIFIER = com.instana.mobile.DemoObjC;
				PRODUCT_NAME = "$(TARGET_NAME)";
				TARGETED_DEVICE_FAMILY = "1,2";
			};
			name = Release;
		};
/* End XCBuildConfiguration section */

/* Begin XCConfigurationList section */
		6C37CDF421BEB6F1007D90E9 /* Build configuration list for PBXProject "DemoObjC" */ = {
			isa = XCConfigurationList;
			buildConfigurations = (
				6C37CE0D21BEB6F2007D90E9 /* Debug */,
				6C37CE0E21BEB6F2007D90E9 /* Release */,
			);
			defaultConfigurationIsVisible = 0;
			defaultConfigurationName = Release;
		};
		6C37CE0F21BEB6F2007D90E9 /* Build configuration list for PBXNativeTarget "DemoObjC" */ = {
			isa = XCConfigurationList;
			buildConfigurations = (
				6C37CE1021BEB6F2007D90E9 /* Debug */,
				6C37CE1121BEB6F2007D90E9 /* Release */,
			);
			defaultConfigurationIsVisible = 0;
			defaultConfigurationName = Release;
		};
/* End XCConfigurationList section */
	};
	rootObject = 6C37CDF121BEB6F1007D90E9 /* Project object */;
}
